
Microsoft Visual Studio Solution File, Format Version 12.00
# Visual Studio 2012
Project("{6141683F-8A12-4E36-9623-2EB02B2C2303}") = "Setup1", "Setup1\Setup1.isproj", "{888B503D-A38A-4FE8-BEFC-3B34B0A7B47C}"
EndProject
Global
	GlobalSection(SolutionConfigurationPlatforms) = preSolution
		CD_ROM|Default = CD_ROM|Default
		DVD-5|Default = DVD-5|Default
		SingleImage|Default = SingleImage|Default
	EndGlobalSection
	GlobalSection(ProjectConfigurationPlatforms) = postSolution
		{888B503D-A38A-4FE8-BEFC-3B34B0A7B47C}.CD_ROM|Default.ActiveCfg = CD_ROM
		{888B503D-A38A-4FE8-BEFC-3B34B0A7B47C}.CD_ROM|Default.Build.0 = CD_ROM
		{888B503D-A38A-4FE8-BEFC-3B34B0A7B47C}.DVD-5|Default.ActiveCfg = DVD-5
		{888B503D-A38A-4FE8-BEFC-3B34B0A7B47C}.DVD-5|Default.Build.0 = DVD-5
		{888B503D-A38A-4FE8-BEFC-3B34B0A7B47C}.SingleImage|Default.ActiveCfg = SingleImage
		{888B503D-A38A-4FE8-BEFC-3B34B0A7B47C}.SingleImage|Default.Build.0 = SingleImage
	EndGlobalSection
	GlobalSection(SolutionProperties) = preSolution
		HideSolutionNode = FALSE
	EndGlobalSection
EndGlobal
